
Microsoft Visual Studio Solution File, Format Version 12.00
# Visual Studio Version 17
VisualStudioVersion = 17.14.36511.14 d17.14
MinimumVisualStudioVersion = 10.0.40219.1
Project("{FAE04EC0-301F-11D3-BF4B-00C04F79EFBC}") = "MenuComidaMVC", "MenuComidaMVC.csproj", "{5A714828-A1B0-46DB-9582-0BE2E5ECAFDE}"
EndProject
Global
	GlobalSection(SolutionConfigurationPlatforms) = preSolution
		Debug|Any CPU = Debug|Any CPU
		Release|Any CPU = Release|Any CPU
	EndGlobalSection
	GlobalSection(ProjectConfigurationPlatforms) = postSolution
		{5A714828-A1B0-46DB-9582-0BE2E5ECAFDE}.Debug|Any CPU.ActiveCfg = Debug|Any CPU
		{5A714828-A1B0-46DB-9582-0BE2E5ECAFDE}.Debug|Any CPU.Build.0 = Debug|Any CPU
		{5A714828-A1B0-46DB-9582-0BE2E5ECAFDE}.Release|Any CPU.ActiveCfg = Release|Any CPU
		{5A714828-A1B0-46DB-9582-0BE2E5ECAFDE}.Release|Any CPU.Build.0 = Release|Any CPU
	EndGlobalSection
	GlobalSection(SolutionProperties) = preSolution
		HideSolutionNode = FALSE
	EndGlobalSection
	GlobalSection(ExtensibilityGlobals) = postSolution
		SolutionGuid = {CF58189E-35B1-4315-A17D-08102050885A}
	EndGlobalSection
EndGlobal
